
Microsoft Visual Studio Solution File, Format Version 12.00
# Visual Studio Version 17
VisualStudioVersion = 17.7.34031.279
MinimumVisualStudioVersion = 10.0.40219.1
Project("{FAE04EC0-301F-11D3-BF4B-00C04F79EFBC}") = "praktikaodin", "praktikaodin\praktikaodin.csproj", "{52810D49-5524-4B56-9B3D-DF0280B90DAF}"
EndProject
Global
	GlobalSection(SolutionConfigurationPlatforms) = preSolution
		Debug|Any CPU = Debug|Any CPU
		Release|Any CPU = Release|Any CPU
	EndGlobalSection
	GlobalSection(ProjectConfigurationPlatforms) = postSolution
		{52810D49-5524-4B56-9B3D-DF0280B90DAF}.Debug|Any CPU.ActiveCfg = Debug|Any CPU
		{52810D49-5524-4B56-9B3D-DF0280B90DAF}.Debug|Any CPU.Build.0 = Debug|Any CPU
		{52810D49-5524-4B56-9B3D-DF0280B90DAF}.Release|Any CPU.ActiveCfg = Release|Any CPU
		{52810D49-5524-4B56-9B3D-DF0280B90DAF}.Release|Any CPU.Build.0 = Release|Any CPU
	EndGlobalSection
	GlobalSection(SolutionProperties) = preSolution
		HideSolutionNode = FALSE
	EndGlobalSection
	GlobalSection(ExtensibilityGlobals) = postSolution
		SolutionGuid = {4C82CA5B-C3E2-4F1A-ACF9-CA5254A0D107}
	EndGlobalSection
EndGlobal
